// !$*UTF8*$!
{
	archiveVersion = 1;
	classes = {
	};
	objectVersion = 46;
	objects = {

/* Begin PBXBuildFile section */
		A3D567661BD7362600CD77F2 /* UIKit.framework in Frameworks */ = {isa = PBXBuildFile; fileRef = A3D567651BD7362600CD77F2 /* UIKit.framework */; };
		A3D567681BD7363600CD77F2 /* Foundation.framework in Frameworks */ = {isa = PBXBuildFile; fileRef = A3D567671BD7363600CD77F2 /* Foundation.framework */; };
		A3D5676A1BD7364400CD77F2 /* CoreGraphics.framework in Frameworks */ = {isa = PBXBuildFile; fileRef = A3D567691BD7364400CD77F2 /* CoreGraphics.framework */; };
		A3D567701BD7382700CD77F2 /* Default-568h@2x.png in Resources */ = {isa = PBXBuildFile; fileRef = A3D5676B1BD7382700CD77F2 /* Default-568h@2x.png */; settings = {ASSET_TAGS = (); }; };
		A3D567711BD7382700CD77F2 /* Default.png in Resources */ = {isa = PBXBuildFile; fileRef = A3D5676C1BD7382700CD77F2 /* Default.png */; settings = {ASSET_TAGS = (); }; };
		A3D567721BD7382700CD77F2 /* Default@2x.png in Resources */ = {isa = PBXBuildFile; fileRef = A3D5676D1BD7382700CD77F2 /* Default@2x.png */; settings = {ASSET_TAGS = (); }; };
		A3D567731BD7382700CD77F2 /* UIAccelerometerBallSample-Info.plist in Resources */ = {isa = PBXBuildFile; fileRef = A3D5676E1BD7382700CD77F2 /* UIAccelerometerBallSample-Info.plist */; settings = {ASSET_TAGS = (); }; };
		A3D567751BD7383400CD77F2 /* InfoPlist.strings in Resources */ = {isa = PBXBuildFile; fileRef = A3D567741BD7383400CD77F2 /* InfoPlist.strings */; settings = {ASSET_TAGS = (); }; };
		A3E828311BCF81700021DAAE /* main.m in Sources */ = {isa = PBXBuildFile; fileRef = A3E828301BCF81700021DAAE /* main.m */; };
		A3E828341BCF81700021DAAE /* AppDelegate.m in Sources */ = {isa = PBXBuildFile; fileRef = A3E828331BCF81700021DAAE /* AppDelegate.m */; };
		A3E828371BCF81700021DAAE /* ViewController.m in Sources */ = {isa = PBXBuildFile; fileRef = A3E828361BCF81700021DAAE /* ViewController.m */; };
		A3E8283A1BCF81700021DAAE /* Main.storyboard in Resources */ = {isa = PBXBuildFile; fileRef = A3E828381BCF81700021DAAE /* Main.storyboard */; };
		A3E8283C1BCF81700021DAAE /* Assets.xcassets in Resources */ = {isa = PBXBuildFile; fileRef = A3E8283B1BCF81700021DAAE /* Assets.xcassets */; };
		A3E8283F1BCF81700021DAAE /* LaunchScreen.storyboard in Resources */ = {isa = PBXBuildFile; fileRef = A3E8283D1BCF81700021DAAE /* LaunchScreen.storyboard */; };
		A3E8284A1BCF81700021DAAE /* FishEatTests.m in Sources */ = {isa = PBXBuildFile; fileRef = A3E828491BCF81700021DAAE /* FishEatTests.m */; };
		A3E828551BCF81700021DAAE /* FishEatUITests.m in Sources */ = {isa = PBXBuildFile; fileRef = A3E828541BCF81700021DAAE /* FishEatUITests.m */; };
		A3E828631BCF81BC0021DAAE /* CoreMotion.framework in Frameworks */ = {isa = PBXBuildFile; fileRef = A3E828621BCF81BC0021DAAE /* CoreMotion.framework */; };
		A3E828681BCF829B0021DAAE /* cat001.jpg in Resources */ = {isa = PBXBuildFile; fileRef = A3E828661BCF829B0021DAAE /* cat001.jpg */; settings = {ASSET_TAGS = (); }; };
		A3E828691BCF829B0021DAAE /* eyes.png in Resources */ = {isa = PBXBuildFile; fileRef = A3E828671BCF829B0021DAAE /* eyes.png */; settings = {ASSET_TAGS = (); }; };
/* End PBXBuildFile section */

/* Begin PBXContainerItemProxy section */
		A3E828461BCF81700021DAAE /* PBXContainerItemProxy */ = {
			isa = PBXContainerItemProxy;
			containerPortal = A3E828241BCF81700021DAAE /* Project object */;
			proxyType = 1;
			remoteGlobalIDString = A3E8282B1BCF81700021DAAE;
			remoteInfo = FishEat;
		};
		A3E828511BCF81700021DAAE /* PBXContainerItemProxy */ = {
			isa = PBXContainerItemProxy;
			containerPortal = A3E828241BCF81700021DAAE /* Project object */;
			proxyType = 1;
			remoteGlobalIDString = A3E8282B1BCF81700021DAAE;
			remoteInfo = FishEat;
		};
/* End PBXContainerItemProxy section */

/* Begin PBXFileReference section */
		A3D567651BD7362600CD77F2 /* UIKit.framework */ = {isa = PBXFileReference; lastKnownFileType = wrapper.framework; name = UIKit.framework; path = System/Library/Frameworks/UIKit.framework; sourceTree = SDKROOT; };
		A3D567671BD7363600CD77F2 /* Foundation.framework */ = {isa = PBXFileReference; lastKnownFileType = wrapper.framework; name = Foundation.framework; path = System/Library/Frameworks/Foundation.framework; sourceTree = SDKROOT; };
		A3D567691BD7364400CD77F2 /* CoreGraphics.framework */ = {isa = PBXFileReference; lastKnownFileType = wrapper.framework; name = CoreGraphics.framework; path = System/Library/Frameworks/CoreGraphics.framework; sourceTree = SDKROOT; };
		A3D5676B1BD7382700CD77F2 /* Default-568h@2x.png */ = {isa = PBXFileReference; lastKnownFileType = image.png; path = "Default-568h@2x.png"; sourceTree = "<group>"; };
		A3D5676C1BD7382700CD77F2 /* Default.png */ = {isa = PBXFileReference; lastKnownFileType = image.png; path = Default.png; sourceTree = "<group>"; };
		A3D5676D1BD7382700CD77F2 /* Default@2x.png */ = {isa = PBXFileReference; lastKnownFileType = image.png; path = "Default@2x.png"; sourceTree = "<group>"; };
		A3D5676E1BD7382700CD77F2 /* UIAccelerometerBallSample-Info.plist */ = {isa = PBXFileReference; fileEncoding = 4; lastKnownFileType = text.plist.xml; path = "UIAccelerometerBallSample-Info.plist"; sourceTree = "<group>"; };
		A3D5676F1BD7382700CD77F2 /* UIAccelerometerBallSample-Prefix.pch */ = {isa = PBXFileReference; fileEncoding = 4; lastKnownFileType = sourcecode.c.h; path = "UIAccelerometerBallSample-Prefix.pch"; sourceTree = "<group>"; };
		A3D567741BD7383400CD77F2 /* InfoPlist.strings */ = {isa = PBXFileReference; fileEncoding = 4; lastKnownFileType = text.plist.strings; path = InfoPlist.strings; sourceTree = "<group>"; };
		A3E8282C1BCF81700021DAAE /* FishEat.app */ = {isa = PBXFileReference; explicitFileType = wrapper.application; includeInIndex = 0; path = FishEat.app; sourceTree = BUILT_PRODUCTS_DIR; };
		A3E828301BCF81700021DAAE /* main.m */ = {isa = PBXFileReference; lastKnownFileType = sourcecode.c.objc; path = main.m; sourceTree = "<group>"; };
		A3E828321BCF81700021DAAE /* AppDelegate.h */ = {isa = PBXFileReference; lastKnownFileType = sourcecode.c.h; path = AppDelegate.h; sourceTree = "<group>"; };
		A3E828331BCF81700021DAAE /* AppDelegate.m */ = {isa = PBXFileReference; lastKnownFileType = sourcecode.c.objc; path = AppDelegate.m; sourceTree = "<group>"; };
		A3E828351BCF81700021DAAE /* ViewController.h */ = {isa = PBXFileReference; lastKnownFileType = sourcecode.c.h; path = ViewController.h; sourceTree = "<group>"; };
		A3E828361BCF81700021DAAE /* ViewController.m */ = {isa = PBXFileReference; lastKnownFileType = sourcecode.c.objc; path = ViewController.m; sourceTree = "<group>"; };
		A3E828391BCF81700021DAAE /* Base */ = {isa = PBXFileReference; lastKnownFileType = file.storyboard; name = Base; path = Base.lproj/Main.storyboard; sourceTree = "<group>"; };
		A3E8283B1BCF81700021DAAE /* Assets.xcassets */ = {isa = PBXFileReference; lastKnownFileType = folder.assetcatalog; path = Assets.xcassets; sourceTree = "<group>"; };
		A3E8283E1BCF81700021DAAE /* Base */ = {isa = PBXFileReference; lastKnownFileType = file.storyboard; name = Base; path = Base.lproj/LaunchScreen.storyboard; sourceTree = "<group>"; };
		A3E828401BCF81700021DAAE /* Info.plist */ = {isa = PBXFileReference; lastKnownFileType = text.plist.xml; path = Info.plist; sourceTree = "<group>"; };
		A3E828451BCF81700021DAAE /* FishEatTests.xctest */ = {isa = PBXFileReference; explicitFileType = wrapper.cfbundle; includeInIndex = 0; path = FishEatTests.xctest; sourceTree = BUILT_PRODUCTS_DIR; };
		A3E828491BCF81700021DAAE /* FishEatTests.m */ = {isa = PBXFileReference; lastKnownFileType = sourcecode.c.objc; path = FishEatTests.m; sourceTree = "<group>"; };
		A3E8284B1BCF81700021DAAE /* Info.plist */ = {isa = PBXFileReference; lastKnownFileType = text.plist.xml; path = Info.plist; sourceTree = "<group>"; };
		A3E828501BCF81700021DAAE /* FishEatUITests.xctest */ = {isa = PBXFileReference; explicitFileType = wrapper.cfbundle; includeInIndex = 0; path = FishEatUITests.xctest; sourceTree = BUILT_PRODUCTS_DIR; };
		A3E828541BCF81700021DAAE /* FishEatUITests.m */ = {isa = PBXFileReference; lastKnownFileType = sourcecode.c.objc; path = FishEatUITests.m; sourceTree = "<group>"; };
		A3E828561BCF81700021DAAE /* Info.plist */ = {isa = PBXFileReference; lastKnownFileType = text.plist.xml; path = Info.plist; sourceTree = "<group>"; };
		A3E828621BCF81BC0021DAAE /* CoreMotion.framework */ = {isa = PBXFileReference; lastKnownFileType = wrapper.framework; name = CoreMotion.framework; path = System/Library/Frameworks/CoreMotion.framework; sourceTree = SDKROOT; };
		A3E828661BCF829B0021DAAE /* cat001.jpg */ = {isa = PBXFileReference; lastKnownFileType = image.jpeg; name = cat001.jpg; path = ../cat001.jpg; sourceTree = "<group>"; };
		A3E828671BCF829B0021DAAE /* eyes.png */ = {isa = PBXFileReference; lastKnownFileType = image.png; name = eyes.png; path = ../eyes.png; sourceTree = "<group>"; };
/* End PBXFileReference section */

/* Begin PBXFrameworksBuildPhase section */
		A3E828291BCF81700021DAAE /* Frameworks */ = {
			isa = PBXFrameworksBuildPhase;
			buildActionMask = 2147483647;
			files = (
				A3D5676A1BD7364400CD77F2 /* CoreGraphics.framework in Frameworks */,
				A3D567681BD7363600CD77F2 /* Foundation.framework in Frameworks */,
				A3D567661BD7362600CD77F2 /* UIKit.framework in Frameworks */,
				A3E828631BCF81BC0021DAAE /* CoreMotion.framework in Frameworks */,
			);
			runOnlyForDeploymentPostprocessing = 0;
		};
		A3E828421BCF81700021DAAE /* Frameworks */ = {
			isa = PBXFrameworksBuildPhase;
			buildActionMask = 2147483647;
			files = (
			);
			runOnlyForDeploymentPostprocessing = 0;
		};
		A3E8284D1BCF81700021DAAE /* Frameworks */ = {
			isa = PBXFrameworksBuildPhase;
			buildActionMask = 2147483647;
			files = (
			);
			runOnlyForDeploymentPostprocessing = 0;
		};
/* End PBXFrameworksBuildPhase section */

/* Begin PBXGroup section */
		A3E828231BCF81700021DAAE = {
			isa = PBXGroup;
			children = (
				A3E8282E1BCF81700021DAAE /* FishEat */,
				A3E828481BCF81700021DAAE /* FishEatTests */,
				A3E828531BCF81700021DAAE /* FishEatUITests */,
				A3E8282D1BCF81700021DAAE /* Products */,
				A3E8286A1BCF84C70021DAAE /* images */,
				A3E8286B1BCF85030021DAAE /* Framework */,
			);
			sourceTree = "<group>";
		};
		A3E8282D1BCF81700021DAAE /* Products */ = {
			isa = PBXGroup;
			children = (
				A3E8282C1BCF81700021DAAE /* FishEat.app */,
				A3E828451BCF81700021DAAE /* FishEatTests.xctest */,
				A3E828501BCF81700021DAAE /* FishEatUITests.xctest */,
			);
			name = Products;
			sourceTree = "<group>";
		};
		A3E8282E1BCF81700021DAAE /* FishEat */ = {
			isa = PBXGroup;
			children = (
				A3E828321BCF81700021DAAE /* AppDelegate.h */,
				A3E828331BCF81700021DAAE /* AppDelegate.m */,
				A3E828351BCF81700021DAAE /* ViewController.h */,
				A3E828361BCF81700021DAAE /* ViewController.m */,
				A3E828381BCF81700021DAAE /* Main.storyboard */,
				A3E8283B1BCF81700021DAAE /* Assets.xcassets */,
				A3E8283D1BCF81700021DAAE /* LaunchScreen.storyboard */,
				A3E828401BCF81700021DAAE /* Info.plist */,
				A3E8282F1BCF81700021DAAE /* Supporting Files */,
			);
			path = FishEat;
			sourceTree = "<group>";
		};
		A3E8282F1BCF81700021DAAE /* Supporting Files */ = {
			isa = PBXGroup;
			children = (
				A3D567741BD7383400CD77F2 /* InfoPlist.strings */,
				A3D5676B1BD7382700CD77F2 /* Default-568h@2x.png */,
				A3D5676C1BD7382700CD77F2 /* Default.png */,
				A3D5676D1BD7382700CD77F2 /* Default@2x.png */,
				A3D5676E1BD7382700CD77F2 /* UIAccelerometerBallSample-Info.plist */,
				A3D5676F1BD7382700CD77F2 /* UIAccelerometerBallSample-Prefix.pch */,
				A3E828301BCF81700021DAAE /* main.m */,
			);
			name = "Supporting Files";
			sourceTree = "<group>";
		};
		A3E828481BCF81700021DAAE /* FishEatTests */ = {
			isa = PBXGroup;
			children = (
				A3E828491BCF81700021DAAE /* FishEatTests.m */,
				A3E8284B1BCF81700021DAAE /* Info.plist */,
			);
			path = FishEatTests;
			sourceTree = "<group>";
		};
		A3E828531BCF81700021DAAE /* FishEatUITests */ = {
			isa = PBXGroup;
			children = (
				A3E828541BCF81700021DAAE /* FishEatUITests.m */,
				A3E828561BCF81700021DAAE /* Info.plist */,
			);
			path = FishEatUITests;
			sourceTree = "<group>";
		};
		A3E8286A1BCF84C70021DAAE /* images */ = {
			isa = PBXGroup;
			children = (
				A3E828661BCF829B0021DAAE /* cat001.jpg */,
				A3E828671BCF829B0021DAAE /* eyes.png */,
			);
			name = images;
			path = FishEat;
			sourceTree = "<group>";
		};
		A3E8286B1BCF85030021DAAE /* Framework */ = {
			isa = PBXGroup;
			children = (
				A3D567691BD7364400CD77F2 /* CoreGraphics.framework */,
				A3D567671BD7363600CD77F2 /* Foundation.framework */,
				A3D567651BD7362600CD77F2 /* UIKit.framework */,
				A3E828621BCF81BC0021DAAE /* CoreMotion.framework */,
			);
			name = Framework;
			path = FishEat;
			sourceTree = "<group>";
		};
/* End PBXGroup section */

/* Begin PBXNativeTarget section */
		A3E8282B1BCF81700021DAAE /* FishEat */ = {
			isa = PBXNativeTarget;
			buildConfigurationList = A3E828591BCF81700021DAAE /* Build configuration list for PBXNativeTarget "FishEat" */;
			buildPhases = (
				A3E828281BCF81700021DAAE /* Sources */,
				A3E828291BCF81700021DAAE /* Frameworks */,
				A3E8282A1BCF81700021DAAE /* Resources */,
			);
			buildRules = (
			);
			dependencies = (
			);
			name = FishEat;
			productName = FishEat;
			productReference = A3E8282C1BCF81700021DAAE /* FishEat.app */;
			productType = "com.apple.product-type.application";
		};
		A3E828441BCF81700021DAAE /* FishEatTests */ = {
			isa = PBXNativeTarget;
			buildConfigurationList = A3E8285C1BCF81700021DAAE /* Build configuration list for PBXNativeTarget "FishEatTests" */;
			buildPhases = (
				A3E828411BCF81700021DAAE /* Sources */,
				A3E828421BCF81700021DAAE /* Frameworks */,
				A3E828431BCF81700021DAAE /* Resources */,
			);
			buildRules = (
			);
			dependencies = (
				A3E828471BCF81700021DAAE /* PBXTargetDependency */,
			);
			name = FishEatTests;
			productName = FishEatTests;
			productReference = A3E828451BCF81700021DAAE /* FishEatTests.xctest */;
			productType = "com.apple.product-type.bundle.unit-test";
		};
		A3E8284F1BCF81700021DAAE /* FishEatUITests */ = {
			isa = PBXNativeTarget;
			buildConfigurationList = A3E8285F1BCF81700021DAAE /* Build configuration list for PBXNativeTarget "FishEatUITests" */;
			buildPhases = (
				A3E8284C1BCF81700021DAAE /* Sources */,
				A3E8284D1BCF81700021DAAE /* Frameworks */,
				A3E8284E1BCF81700021DAAE /* Resources */,
			);
			buildRules = (
			);
			dependencies = (
				A3E828521BCF81700021DAAE /* PBXTargetDependency */,
			);
			name = FishEatUITests;
			productName = FishEatUITests;
			productReference = A3E828501BCF81700021DAAE /* FishEatUITests.xctest */;
			productType = "com.apple.product-type.bundle.ui-testing";
		};
/* End PBXNativeTarget section */

/* Begin PBXProject section */
		A3E828241BCF81700021DAAE /* Project object */ = {
			isa = PBXProject;
			attributes = {
				LastUpgradeCheck = 0700;
				ORGANIZATIONNAME = FujitaRyota;
				TargetAttributes = {
					A3E8282B1BCF81700021DAAE = {
						CreatedOnToolsVersion = 7.0.1;
						DevelopmentTeam = G7R7M22VTS;
					};
					A3E828441BCF81700021DAAE = {
						CreatedOnToolsVersion = 7.0.1;
						DevelopmentTeam = G7R7M22VTS;
						TestTargetID = A3E8282B1BCF81700021DAAE;
					};
					A3E8284F1BCF81700021DAAE = {
						CreatedOnToolsVersion = 7.0.1;
						DevelopmentTeam = G7R7M22VTS;
						TestTargetID = A3E8282B1BCF81700021DAAE;
					};
				};
			};
			buildConfigurationList = A3E828271BCF81700021DAAE /* Build configuration list for PBXProject "FishEat" */;
			compatibilityVersion = "Xcode 3.2";
			developmentRegion = English;
			hasScannedForEncodings = 0;
			knownRegions = (
				en,
				Base,
			);
			mainGroup = A3E828231BCF81700021DAAE;
			productRefGroup = A3E8282D1BCF81700021DAAE /* Products */;
			projectDirPath = "";
			projectRoot = "";
			targets = (
				A3E8282B1BCF81700021DAAE /* FishEat */,
				A3E828441BCF81700021DAAE /* FishEatTests */,
				A3E8284F1BCF81700021DAAE /* FishEatUITests */,
			);
		};
/* End PBXProject section */

/* Begin PBXResourcesBuildPhase section */
		A3E8282A1BCF81700021DAAE /* Resources */ = {
			isa = PBXResourcesBuildPhase;
			buildActionMask = 2147483647;
			files = (
				A3E8283F1BCF81700021DAAE /* LaunchScreen.storyboard in Resources */,
				A3D567731BD7382700CD77F2 /* UIAccelerometerBallSample-Info.plist in Resources */,
				A3E828691BCF829B0021DAAE /* eyes.png in Resources */,
				A3D567721BD7382700CD77F2 /* Default@2x.png in Resources */,
				A3D567711BD7382700CD77F2 /* Default.png in Resources */,
				A3E8283C1BCF81700021DAAE /* Assets.xcassets in Resources */,
				A3E828681BCF829B0021DAAE /* cat001.jpg in Resources */,
				A3D567701BD7382700CD77F2 /* Default-568h@2x.png in Resources */,
				A3D567751BD7383400CD77F2 /* InfoPlist.strings in Resources */,
				A3E8283A1BCF81700021DAAE /* Main.storyboard in Resources */,
			);
			runOnlyForDeploymentPostprocessing = 0;
		};
		A3E828431BCF81700021DAAE /* Resources */ = {
			isa = PBXResourcesBuildPhase;
			buildActionMask = 2147483647;
			files = (
			);
			runOnlyForDeploymentPostprocessing = 0;
		};
		A3E8284E1BCF81700021DAAE /* Resources */ = {
			isa = PBXResourcesBuildPhase;
			buildActionMask = 2147483647;
			files = (
			);
			runOnlyForDeploymentPostprocessing = 0;
		};
/* End PBXResourcesBuildPhase section */

/* Begin PBXSourcesBuildPhase section */
		A3E828281BCF81700021DAAE /* Sources */ = {
			isa = PBXSourcesBuildPhase;
			buildActionMask = 2147483647;
			files = (
				A3E828371BCF81700021DAAE /* ViewController.m in Sources */,
				A3E828341BCF81700021DAAE /* AppDelegate.m in Sources */,
				A3E828311BCF81700021DAAE /* main.m in Sources */,
			);
			runOnlyForDeploymentPostprocessing = 0;
		};
		A3E828411BCF81700021DAAE /* Sources */ = {
			isa = PBXSourcesBuildPhase;
			buildActionMask = 2147483647;
			files = (
				A3E8284A1BCF81700021DAAE /* FishEatTests.m in Sources */,
			);
			runOnlyForDeploymentPostprocessing = 0;
		};
		A3E8284C1BCF81700021DAAE /* Sources */ = {
			isa = PBXSourcesBuildPhase;
			buildActionMask = 2147483647;
			files = (
				A3E828551BCF81700021DAAE /* FishEatUITests.m in Sources */,
			);
			runOnlyForDeploymentPostprocessing = 0;
		};
/* End PBXSourcesBuildPhase section */

/* Begin PBXTargetDependency section */
		A3E828471BCF81700021DAAE /* PBXTargetDependency */ = {
			isa = PBXTargetDependency;
			target = A3E8282B1BCF81700021DAAE /* FishEat */;
			targetProxy = A3E828461BCF81700021DAAE /* PBXContainerItemProxy */;
		};
		A3E828521BCF81700021DAAE /* PBXTargetDependency */ = {
			isa = PBXTargetDependency;
			target = A3E8282B1BCF81700021DAAE /* FishEat */;
			targetProxy = A3E828511BCF81700021DAAE /* PBXContainerItemProxy */;
		};
/* End PBXTargetDependency section */

/* Begin PBXVariantGroup section */
		A3E828381BCF81700021DAAE /* Main.storyboard */ = {
			isa = PBXVariantGroup;
			children = (
				A3E828391BCF81700021DAAE /* Base */,
			);
			name = Main.storyboard;
			sourceTree = "<group>";
		};
		A3E8283D1BCF81700021DAAE /* LaunchScreen.storyboard */ = {
			isa = PBXVariantGroup;
			children = (
				A3E8283E1BCF81700021DAAE /* Base */,
			);
			name = LaunchScreen.storyboard;
			sourceTree = "<group>";
		};
/* End PBXVariantGroup section */

/* Begin XCBuildConfiguration section */
		A3E828571BCF81700021DAAE /* Debug */ = {
			isa = XCBuildConfiguration;
			buildSettings = {
				ALWAYS_SEARCH_USER_PATHS = NO;
				CLANG_CXX_LANGUAGE_STANDARD = "gnu++0x";
				CLANG_CXX_LIBRARY = "libc++";
				CLANG_ENABLE_MODULES = YES;
				CLANG_ENABLE_OBJC_ARC = YES;
				CLANG_WARN_BOOL_CONVERSION = YES;
				CLANG_WARN_CONSTANT_CONVERSION = YES;
				CLANG_WARN_DIRECT_OBJC_ISA_USAGE = YES_ERROR;
				CLANG_WARN_EMPTY_BODY = YES;
				CLANG_WARN_ENUM_CONVERSION = YES;
				CLANG_WARN_INT_CONVERSION = YES;
				CLANG_WARN_OBJC_ROOT_CLASS = YES_ERROR;
				CLANG_WARN_UNREACHABLE_CODE = YES;
				CLANG_WARN__DUPLICATE_METHOD_MATCH = YES;
				"CODE_SIGN_IDENTITY[sdk=iphoneos*]" = "iPhone Developer";
				COPY_PHASE_STRIP = NO;
				DEBUG_INFORMATION_FORMAT = dwarf;
				ENABLE_STRICT_OBJC_MSGSEND = YES;
				ENABLE_TESTABILITY = YES;
				GCC_C_LANGUAGE_STANDARD = gnu99;
				GCC_DYNAMIC_NO_PIC = NO;
				GCC_NO_COMMON_BLOCKS = YES;
				GCC_OPTIMIZATION_LEVEL = 0;
				GCC_PREPROCESSOR_DEFINITIONS = (
					"DEBUG=1",
					"$(inherited)",
				);
				GCC_WARN_64_TO_32_BIT_CONVERSION = YES;
				GCC_WARN_ABOUT_RETURN_TYPE = YES_ERROR;
				GCC_WARN_UNDECLARED_SELECTOR = YES;
				GCC_WARN_UNINITIALIZED_AUTOS = YES_AGGRESSIVE;
				GCC_WARN_UNUSED_FUNCTION = YES;
				GCC_WARN_UNUSED_VARIABLE = YES;
				IPHONEOS_DEPLOYMENT_TARGET = 9.0;
				MTL_ENABLE_DEBUG_INFO = YES;
				ONLY_ACTIVE_ARCH = YES;
				SDKROOT = iphoneos;
				TARGETED_DEVICE_FAMILY = "1,2";
			};
			name = Debug;
		};
		A3E828581BCF81700021DAAE /* Release */ = {
			isa = XCBuildConfiguration;
			buildSettings = {
				ALWAYS_SEARCH_USER_PATHS = NO;
				CLANG_CXX_LANGUAGE_STANDARD = "gnu++0x";
				CLANG_CXX_LIBRARY = "libc++";
				CLANG_ENABLE_MODULES = YES;
				CLANG_ENABLE_OBJC_ARC = YES;
				CLANG_WARN_BOOL_CONVERSION = YES;
				CLANG_WARN_CONSTANT_CONVERSION = YES;
				CLANG_WARN_DIRECT_OBJC_ISA_USAGE = YES_ERROR;
				CLANG_WARN_EMPTY_BODY = YES;
				CLANG_WARN_ENUM_CONVERSION = YES;
				CLANG_WARN_INT_CONVERSION = YES;
				CLANG_WARN_OBJC_ROOT_CLASS = YES_ERROR;
				CLANG_WARN_UNREACHABLE_CODE = YES;
				CLANG_WARN__DUPLICATE_METHOD_MATCH = YES;
				"CODE_SIGN_IDENTITY[sdk=iphoneos*]" = "iPhone Developer";
				COPY_PHASE_STRIP = NO;
				DEBUG_INFORMATION_FORMAT = "dwarf-with-dsym";
				ENABLE_NS_ASSERTIONS = NO;
				ENABLE_STRICT_OBJC_MSGSEND = YES;
				GCC_C_LANGUAGE_STANDARD = gnu99;
				GCC_NO_COMMON_BLOCKS = YES;
				GCC_WARN_64_TO_32_BIT_CONVERSION = YES;
				GCC_WARN_ABOUT_RETURN_TYPE = YES_ERROR;
				GCC_WARN_UNDECLARED_SELECTOR = YES;
				GCC_WARN_UNINITIALIZED_AUTOS = YES_AGGRESSIVE;
				GCC_WARN_UNUSED_FUNCTION = YES;
				GCC_WARN_UNUSED_VARIABLE = YES;
				IPHONEOS_DEPLOYMENT_TARGET = 9.0;
				MTL_ENABLE_DEBUG_INFO = NO;
				SDKROOT = iphoneos;
				TARGETED_DEVICE_FAMILY = "1,2";
				VALIDATE_PRODUCT = YES;
			};
			name = Release;
		};
		A3E8285A1BCF81700021DAAE /* Debug */ = {
			isa = XCBuildConfiguration;
			buildSettings = {
				ASSETCATALOG_COMPILER_APPICON_NAME = AppIcon;
				INFOPLIST_FILE = FishEat/Info.plist;
				IPHONEOS_DEPLOYMENT_TARGET = 8.4;
				LD_RUNPATH_SEARCH_PATHS = "$(inherited) @executable_path/Frameworks";
				PRODUCT_BUNDLE_IDENTIFIER = YGSC.FishEat;
				PRODUCT_NAME = "$(TARGET_NAME)";
			};
			name = Debug;
		};
		A3E8285B1BCF81700021DAAE /* Release */ = {
			isa = XCBuildConfiguration;
			buildSettings = {
				ASSETCATALOG_COMPILER_APPICON_NAME = AppIcon;
				INFOPLIST_FILE = FishEat/Info.plist;
				IPHONEOS_DEPLOYMENT_TARGET = 8.4;
				LD_RUNPATH_SEARCH_PATHS = "$(inherited) @executable_path/Frameworks";
				PRODUCT_BUNDLE_IDENTIFIER = YGSC.FishEat;
				PRODUCT_NAME = "$(TARGET_NAME)";
			};
			name = Release;
		};
		A3E8285D1BCF81700021DAAE /* Debug */ = {
			isa = XCBuildConfiguration;
			buildSettings = {
				BUNDLE_LOADER = "$(TEST_HOST)";
				INFOPLIST_FILE = FishEatTests/Info.plist;
				LD_RUNPATH_SEARCH_PATHS = "$(inherited) @executable_path/Frameworks @loader_path/Frameworks";
				PRODUCT_BUNDLE_IDENTIFIER = YGSC.FishEatTests;
				PRODUCT_NAME = "$(TARGET_NAME)";
				TEST_HOST = "$(BUILT_PRODUCTS_DIR)/FishEat.app/FishEat";
			};
			name = Debug;
		};
		A3E8285E1BCF81700021DAAE /* Release */ = {
			isa = XCBuildConfiguration;
			buildSettings = {
				BUNDLE_LOADER = "$(TEST_HOST)";
				INFOPLIST_FILE = FishEatTests/Info.plist;
				LD_RUNPATH_SEARCH_PATHS = "$(inherited) @executable_path/Frameworks @loader_path/Frameworks";
				PRODUCT_BUNDLE_IDENTIFIER = YGSC.FishEatTests;
				PRODUCT_NAME = "$(TARGET_NAME)";
				TEST_HOST = "$(BUILT_PRODUCTS_DIR)/FishEat.app/FishEat";
			};
			name = Release;
		};
		A3E828601BCF81700021DAAE /* Debug */ = {
			isa = XCBuildConfiguration;
			buildSettings = {
				INFOPLIST_FILE = FishEatUITests/Info.plist;
				LD_RUNPATH_SEARCH_PATHS = "$(inherited) @executable_path/Frameworks @loader_path/Frameworks";
				PRODUCT_BUNDLE_IDENTIFIER = YGSC.FishEatUITests;
				PRODUCT_NAME = "$(TARGET_NAME)";
				TEST_TARGET_NAME = FishEat;
				USES_XCTRUNNER = YES;
			};
			name = Debug;
		};
		A3E828611BCF81700021DAAE /* Release */ = {
			isa = XCBuildConfiguration;
			buildSettings = {
				INFOPLIST_FILE = FishEatUITests/Info.plist;
				LD_RUNPATH_SEARCH_PATHS = "$(inherited) @executable_path/Frameworks @loader_path/Frameworks";
				PRODUCT_BUNDLE_IDENTIFIER = YGSC.FishEatUITests;
				PRODUCT_NAME = "$(TARGET_NAME)";
				TEST_TARGET_NAME = FishEat;
				USES_XCTRUNNER = YES;
			};
			name = Release;
		};
/* End XCBuildConfiguration section */

/* Begin XCConfigurationList section */
		A3E828271BCF81700021DAAE /* Build configuration list for PBXProject "FishEat" */ = {
			isa = XCConfigurationList;
			buildConfigurations = (
				A3E828571BCF81700021DAAE /* Debug */,
				A3E828581BCF81700021DAAE /* Release */,
			);
			defaultConfigurationIsVisible = 0;
			defaultConfigurationName = Release;
		};
		A3E828591BCF81700021DAAE /* Build configuration list for PBXNativeTarget "FishEat" */ = {
			isa = XCConfigurationList;
			buildConfigurations = (
				A3E8285A1BCF81700021DAAE /* Debug */,
				A3E8285B1BCF81700021DAAE /* Release */,
			);
			defaultConfigurationIsVisible = 0;
			defaultConfigurationName = Release;
		};
		A3E8285C1BCF81700021DAAE /* Build configuration list for PBXNativeTarget "FishEatTests" */ = {
			isa = XCConfigurationList;
			buildConfigurations = (
				A3E8285D1BCF81700021DAAE /* Debug */,
				A3E8285E1BCF81700021DAAE /* Release */,
			);
			defaultConfigurationIsVisible = 0;
			defaultConfigurationName = Release;
		};
		A3E8285F1BCF81700021DAAE /* Build configuration list for PBXNativeTarget "FishEatUITests" */ = {
			isa = XCConfigurationList;
			buildConfigurations = (
				A3E828601BCF81700021DAAE /* Debug */,
				A3E828611BCF81700021DAAE /* Release */,
			);
			defaultConfigurationIsVisible = 0;
			defaultConfigurationName = Release;
		};
/* End XCConfigurationList section */
	};
	rootObject = A3E828241BCF81700021DAAE /* Project object */;
}
